
Microsoft Visual Studio Solution File, Format Version 12.00
# Visual Studio Version 16
VisualStudioVersion = 16.0.29613.14
MinimumVisualStudioVersion = 10.0.40219.1
Project("{9A19103F-16F7-4668-BE54-9A1E7A4F7556}") = "wstreamlib", "wstreamlib\wstreamlib.csproj", "{7A331EC6-FFF4-4B81-B585-791079384E57}"
EndProject
Project("{9A19103F-16F7-4668-BE54-9A1E7A4F7556}") = "wstreambenchmark", "wstreambenchmark\wstreambenchmark.csproj", "{2DA629D3-1DB0-44EA-A7C4-36BA6ACAE4DD}"
EndProject
Global
	GlobalSection(SolutionConfigurationPlatforms) = preSolution
		Debug|Any CPU = Debug|Any CPU
		Release|Any CPU = Release|Any CPU
	EndGlobalSection
	GlobalSection(ProjectConfigurationPlatforms) = postSolution
		{7A331EC6-FFF4-4B81-B585-791079384E57}.Debug|Any CPU.ActiveCfg = Debug|Any CPU
		{7A331EC6-FFF4-4B81-B585-791079384E57}.Debug|Any CPU.Build.0 = Debug|Any CPU
		{7A331EC6-FFF4-4B81-B585-791079384E57}.Release|Any CPU.ActiveCfg = Release|Any CPU
		{7A331EC6-FFF4-4B81-B585-791079384E57}.Release|Any CPU.Build.0 = Release|Any CPU
		{2DA629D3-1DB0-44EA-A7C4-36BA6ACAE4DD}.Debug|Any CPU.ActiveCfg = Debug|Any CPU
		{2DA629D3-1DB0-44EA-A7C4-36BA6ACAE4DD}.Debug|Any CPU.Build.0 = Debug|Any CPU
		{2DA629D3-1DB0-44EA-A7C4-36BA6ACAE4DD}.Release|Any CPU.ActiveCfg = Release|Any CPU
		{2DA629D3-1DB0-44EA-A7C4-36BA6ACAE4DD}.Release|Any CPU.Build.0 = Release|Any CPU
	EndGlobalSection
	GlobalSection(SolutionProperties) = preSolution
		HideSolutionNode = FALSE
	EndGlobalSection
	GlobalSection(ExtensibilityGlobals) = postSolution
		SolutionGuid = {F72EB035-ADFF-4631-B345-14D23D12895C}
	EndGlobalSection
EndGlobal
