
Microsoft Visual Studio Solution File, Format Version 12.00
# Visual Studio Version 16
VisualStudioVersion = 16.0.29613.14
MinimumVisualStudioVersion = 10.0.40219.1
Project("{9A19103F-16F7-4668-BE54-9A1E7A4F7556}") = "wstream", "wstream\wstream.csproj", "{7A331EC6-FFF4-4B81-B585-791079384E57}"
EndProject
Project("{FAE04EC0-301F-11D3-BF4B-00C04F79EFBC}") = "benchmark", "benchmark\benchmark.csproj", "{09D23CCA-5127-46E1-A430-B259BEFD9887}"
EndProject
Project("{FAE04EC0-301F-11D3-BF4B-00C04F79EFBC}") = "samples", "samples\samples.csproj", "{EBE34523-BD2D-42F7-9327-BA7FCDC7AE70}"
EndProject
Project("{FAE04EC0-301F-11D3-BF4B-00C04F79EFBC}") = "wstream.Crypto", "wstream.Crypto\wstream.Crypto.csproj", "{40326317-E3F1-46EF-805A-7652DB603056}"
EndProject
Project("{FAE04EC0-301F-11D3-BF4B-00C04F79EFBC}") = "wstream.Tests", "wstream.Tests\wstream.Tests.csproj", "{1CBB8AE0-49E6-49D0-9162-13A49B7D0423}"
EndProject
Global
	GlobalSection(SolutionConfigurationPlatforms) = preSolution
		Debug|Any CPU = Debug|Any CPU
		Release|Any CPU = Release|Any CPU
	EndGlobalSection
	GlobalSection(ProjectConfigurationPlatforms) = postSolution
		{7A331EC6-FFF4-4B81-B585-791079384E57}.Debug|Any CPU.ActiveCfg = Debug|Any CPU
		{7A331EC6-FFF4-4B81-B585-791079384E57}.Debug|Any CPU.Build.0 = Debug|Any CPU
		{7A331EC6-FFF4-4B81-B585-791079384E57}.Release|Any CPU.ActiveCfg = Release|Any CPU
		{7A331EC6-FFF4-4B81-B585-791079384E57}.Release|Any CPU.Build.0 = Release|Any CPU
		{09D23CCA-5127-46E1-A430-B259BEFD9887}.Debug|Any CPU.ActiveCfg = Debug|Any CPU
		{09D23CCA-5127-46E1-A430-B259BEFD9887}.Debug|Any CPU.Build.0 = Debug|Any CPU
		{09D23CCA-5127-46E1-A430-B259BEFD9887}.Release|Any CPU.ActiveCfg = Release|Any CPU
		{09D23CCA-5127-46E1-A430-B259BEFD9887}.Release|Any CPU.Build.0 = Release|Any CPU
		{EBE34523-BD2D-42F7-9327-BA7FCDC7AE70}.Debug|Any CPU.ActiveCfg = Debug|Any CPU
		{EBE34523-BD2D-42F7-9327-BA7FCDC7AE70}.Debug|Any CPU.Build.0 = Debug|Any CPU
		{EBE34523-BD2D-42F7-9327-BA7FCDC7AE70}.Release|Any CPU.ActiveCfg = Release|Any CPU
		{EBE34523-BD2D-42F7-9327-BA7FCDC7AE70}.Release|Any CPU.Build.0 = Release|Any CPU
		{40326317-E3F1-46EF-805A-7652DB603056}.Debug|Any CPU.ActiveCfg = Debug|Any CPU
		{40326317-E3F1-46EF-805A-7652DB603056}.Debug|Any CPU.Build.0 = Debug|Any CPU
		{40326317-E3F1-46EF-805A-7652DB603056}.Release|Any CPU.ActiveCfg = Release|Any CPU
		{40326317-E3F1-46EF-805A-7652DB603056}.Release|Any CPU.Build.0 = Release|Any CPU
		{1CBB8AE0-49E6-49D0-9162-13A49B7D0423}.Debug|Any CPU.ActiveCfg = Debug|Any CPU
		{1CBB8AE0-49E6-49D0-9162-13A49B7D0423}.Debug|Any CPU.Build.0 = Debug|Any CPU
		{1CBB8AE0-49E6-49D0-9162-13A49B7D0423}.Release|Any CPU.ActiveCfg = Release|Any CPU
		{1CBB8AE0-49E6-49D0-9162-13A49B7D0423}.Release|Any CPU.Build.0 = Release|Any CPU
	EndGlobalSection
	GlobalSection(SolutionProperties) = preSolution
		HideSolutionNode = FALSE
	EndGlobalSection
	GlobalSection(ExtensibilityGlobals) = postSolution
		SolutionGuid = {F72EB035-ADFF-4631-B345-14D23D12895C}
	EndGlobalSection
EndGlobal
